Microsoft Visual Studio Solution File, Format Version 12.00
# Visual Studio Version 17
VisualStudioVersion = 17.5.2.0
MinimumVisualStudioVersion = 10.0.40219.1
Project("{2150E333-8FDC-42A3-9474-1A3956D46DE8}") = "challenge-2", "challenge-2", "{71749707-701D-1D2D-2242-64FCE0024F7E}"
EndProject
Project("{2150E333-8FDC-42A3-9474-1A3956D46DE8}") = "challenge-3", "challenge-3", "{D121D010-895A-BE65-4599-7B7B6B33B99E}"
EndProject
Project("{FAE04EC0-301F-11D3-BF4B-00C04F79EFBC}") = "RepairPlannerAgent", "challenge-2\RepairPlannerAgent\RepairPlannerAgent.csproj", "{4CFFF5D7-E970-94C8-A6F4-BB6BE5D629BC}"
EndProject
Project("{2150E333-8FDC-42A3-9474-1A3956D46DE8}") = "PredMaintenanceAgent", "PredMaintenanceAgent", "{3FDAEDD1-AF43-A229-EED0-13281DD285DA}"
EndProject
Project("{FAE04EC0-301F-11D3-BF4B-00C04F79EFBC}") = "FoundryAgents_Step01.2_Running", "challenge-3\PredMaintenanceAgent\FoundryAgents_Step01.2_Running.csproj", "{09CC9610-8F57-544A-AAD5-6B22683304BF}"
EndProject
Project("{FAE04EC0-301F-11D3-BF4B-00C04F79EFBC}") = "SharedModels", "challenge-3\SharedModels\SharedModels.csproj", "{D2194330-1BCE-F503-2D23-6C3B5F6BCDCC}"
EndProject
Project("{FAE04EC0-301F-11D3-BF4B-00C04F79EFBC}") = "PartsOrderingAgent", "challenge-3\PartsOrderingAgent\PartsOrderingAgent.csproj", "{B4DF3BE6-3C58-CDB1-838F-36ADC7990C34}"
EndProject
Global
	GlobalSection(SolutionConfigurationPlatforms) = preSolution
		Debug|Any CPU = Debug|Any CPU
		Release|Any CPU = Release|Any CPU
	EndGlobalSection
	GlobalSection(ProjectConfigurationPlatforms) = postSolution
		{4CFFF5D7-E970-94C8-A6F4-BB6BE5D629BC}.Debug|Any CPU.ActiveCfg = Debug|Any CPU
		{4CFFF5D7-E970-94C8-A6F4-BB6BE5D629BC}.Debug|Any CPU.Build.0 = Debug|Any CPU
		{4CFFF5D7-E970-94C8-A6F4-BB6BE5D629BC}.Release|Any CPU.ActiveCfg = Release|Any CPU
		{4CFFF5D7-E970-94C8-A6F4-BB6BE5D629BC}.Release|Any CPU.Build.0 = Release|Any CPU
		{09CC9610-8F57-544A-AAD5-6B22683304BF}.Debug|Any CPU.ActiveCfg = Debug|Any CPU
		{09CC9610-8F57-544A-AAD5-6B22683304BF}.Debug|Any CPU.Build.0 = Debug|Any CPU
		{09CC9610-8F57-544A-AAD5-6B22683304BF}.Release|Any CPU.ActiveCfg = Release|Any CPU
		{09CC9610-8F57-544A-AAD5-6B22683304BF}.Release|Any CPU.Build.0 = Release|Any CPU
		{D2194330-1BCE-F503-2D23-6C3B5F6BCDCC}.Debug|Any CPU.ActiveCfg = Debug|Any CPU
		{D2194330-1BCE-F503-2D23-6C3B5F6BCDCC}.Debug|Any CPU.Build.0 = Debug|Any CPU
		{D2194330-1BCE-F503-2D23-6C3B5F6BCDCC}.Release|Any CPU.ActiveCfg = Release|Any CPU
		{D2194330-1BCE-F503-2D23-6C3B5F6BCDCC}.Release|Any CPU.Build.0 = Release|Any CPU
		{B4DF3BE6-3C58-CDB1-838F-36ADC7990C34}.Debug|Any CPU.ActiveCfg = Debug|Any CPU
		{B4DF3BE6-3C58-CDB1-838F-36ADC7990C34}.Debug|Any CPU.Build.0 = Debug|Any CPU
		{B4DF3BE6-3C58-CDB1-838F-36ADC7990C34}.Release|Any CPU.ActiveCfg = Release|Any CPU
		{B4DF3BE6-3C58-CDB1-838F-36ADC7990C34}.Release|Any CPU.Build.0 = Release|Any CPU
	EndGlobalSection
	GlobalSection(SolutionProperties) = preSolution
		HideSolutionNode = FALSE
	EndGlobalSection
	GlobalSection(NestedProjects) = preSolution
		{4CFFF5D7-E970-94C8-A6F4-BB6BE5D629BC} = {71749707-701D-1D2D-2242-64FCE0024F7E}
		{3FDAEDD1-AF43-A229-EED0-13281DD285DA} = {D121D010-895A-BE65-4599-7B7B6B33B99E}
		{09CC9610-8F57-544A-AAD5-6B22683304BF} = {3FDAEDD1-AF43-A229-EED0-13281DD285DA}
		{D2194330-1BCE-F503-2D23-6C3B5F6BCDCC} = {D121D010-895A-BE65-4599-7B7B6B33B99E}
		{B4DF3BE6-3C58-CDB1-838F-36ADC7990C34} = {D121D010-895A-BE65-4599-7B7B6B33B99E}
	EndGlobalSection
	GlobalSection(ExtensibilityGlobals) = postSolution
		SolutionGuid = {84C25390-6C6C-4140-BD42-BD171B070509}
	EndGlobalSection
EndGlobal
